
Microsoft Visual Studio Solution File, Format Version 12.00
# Visual Studio 15
VisualStudioVersion = 15.0.27130.2003
MinimumVisualStudioVersion = 10.0.40219.1
Project("{FAE04EC0-301F-11D3-BF4B-00C04F79EFBC}") = "Docker.Demo", "Docker.Demo\Docker.Demo.csproj", "{2DEF5436-C298-47CF-9DBA-40F26C195472}"
EndProject
Global
	GlobalSection(SolutionConfigurationPlatforms) = preSolution
		Debug|Any CPU = Debug|Any CPU
		Release|Any CPU = Release|Any CPU
	EndGlobalSection
	GlobalSection(ProjectConfigurationPlatforms) = postSolution
		{2DEF5436-C298-47CF-9DBA-40F26C195472}.Debug|Any CPU.ActiveCfg = Debug|Any CPU
		{2DEF5436-C298-47CF-9DBA-40F26C195472}.Debug|Any CPU.Build.0 = Debug|Any CPU
		{2DEF5436-C298-47CF-9DBA-40F26C195472}.Release|Any CPU.ActiveCfg = Release|Any CPU
		{2DEF5436-C298-47CF-9DBA-40F26C195472}.Release|Any CPU.Build.0 = Release|Any CPU
	EndGlobalSection
	GlobalSection(SolutionProperties) = preSolution
		HideSolutionNode = FALSE
	EndGlobalSection
	GlobalSection(ExtensibilityGlobals) = postSolution
		SolutionGuid = {603D2998-7ACD-4925-ACE4-EF3FCA0E6AE5}
	EndGlobalSection
EndGlobal
